// !$*UTF8*$!
{
	archiveVersion = 1;
	classes = {
	};
	objectVersion = 46;
	objects = {

/* Begin PBXBuildFile section */
		9ED06F1A1E602BB4001DD85A /* AppDelegate.swift in Sources */ = {isa = PBXBuildFile; fileRef = 9ED06F191E602BB4001DD85A /* AppDelegate.swift */; };
		9ED06F1F1E602BB4001DD85A /* Main.storyboard in Resources */ = {isa = PBXBuildFile; fileRef = 9ED06F1D1E602BB4001DD85A /* Main.storyboard */; };
		9ED06F221E602BB4001DD85A /* Uran_test.xcdatamodeld in Sources */ = {isa = PBXBuildFile; fileRef = 9ED06F201E602BB4001DD85A /* Uran_test.xcdatamodeld */; };
		9ED06F241E602BB4001DD85A /* Assets.xcassets in Resources */ = {isa = PBXBuildFile; fileRef = 9ED06F231E602BB4001DD85A /* Assets.xcassets */; };
		9ED06F271E602BB4001DD85A /* LaunchScreen.storyboard in Resources */ = {isa = PBXBuildFile; fileRef = 9ED06F251E602BB4001DD85A /* LaunchScreen.storyboard */; };
		9ED06F2F1E602C17001DD85A /* FileTableViewController.swift in Sources */ = {isa = PBXBuildFile; fileRef = 9ED06F2E1E602C17001DD85A /* FileTableViewController.swift */; };
		9ED06F341E6032F4001DD85A /* first.pdf in Resources */ = {isa = PBXBuildFile; fileRef = 9ED06F311E6032F4001DD85A /* first.pdf */; };
		9ED06F351E6032F4001DD85A /* Second.pdf in Resources */ = {isa = PBXBuildFile; fileRef = 9ED06F321E6032F4001DD85A /* Second.pdf */; };
		9ED06F361E6032F4001DD85A /* third.pdf in Resources */ = {isa = PBXBuildFile; fileRef = 9ED06F331E6032F4001DD85A /* third.pdf */; };
		9ED06F3F1E603DDC001DD85A /* FileCell.swift in Sources */ = {isa = PBXBuildFile; fileRef = 9ED06F3E1E603DDC001DD85A /* FileCell.swift */; };
		9ED06F441E604072001DD85A /* iconFile.png in Resources */ = {isa = PBXBuildFile; fileRef = 9ED06F411E604072001DD85A /* iconFile.png */; };
		9ED06F451E604072001DD85A /* iconFolder.png in Resources */ = {isa = PBXBuildFile; fileRef = 9ED06F421E604072001DD85A /* iconFolder.png */; };
		9ED06F461E604072001DD85A /* iconImage.png in Resources */ = {isa = PBXBuildFile; fileRef = 9ED06F431E604072001DD85A /* iconImage.png */; };
		9ED06F481E6043B0001DD85A /* FileModel.swift in Sources */ = {isa = PBXBuildFile; fileRef = 9ED06F471E6043B0001DD85A /* FileModel.swift */; };
		9ED06F4C1E605FF2001DD85A /* fileicon.png in Resources */ = {isa = PBXBuildFile; fileRef = 9ED06F491E605FF2001DD85A /* fileicon.png */; };
		9ED06F4D1E605FF2001DD85A /* flyout-menu.png in Resources */ = {isa = PBXBuildFile; fileRef = 9ED06F4A1E605FF2001DD85A /* flyout-menu.png */; };
		9ED06F4E1E605FF2001DD85A /* print.png in Resources */ = {isa = PBXBuildFile; fileRef = 9ED06F4B1E605FF2001DD85A /* print.png */; };
		9ED06F521E6060E7001DD85A /* buy.jpg in Resources */ = {isa = PBXBuildFile; fileRef = 9ED06F4F1E6060E7001DD85A /* buy.jpg */; };
		9ED06F531E6060E7001DD85A /* calc.jpg in Resources */ = {isa = PBXBuildFile; fileRef = 9ED06F501E6060E7001DD85A /* calc.jpg */; };
		9ED06F541E6060E7001DD85A /* call.jpg in Resources */ = {isa = PBXBuildFile; fileRef = 9ED06F511E6060E7001DD85A /* call.jpg */; };
		9ED06F571E606B82001DD85A /* SecondTableViewController.swift in Sources */ = {isa = PBXBuildFile; fileRef = 9ED06F561E606B82001DD85A /* SecondTableViewController.swift */; };
		9ED06F5A1E606B9B001DD85A /* SecondCell.swift in Sources */ = {isa = PBXBuildFile; fileRef = 9ED06F591E606B9B001DD85A /* SecondCell.swift */; };
/* End PBXBuildFile section */

/* Begin PBXFileReference section */
		9ED06F161E602BB4001DD85A /* Uran_test.app */ = {isa = PBXFileReference; explicitFileType = wrapper.application; includeInIndex = 0; path = Uran_test.app; sourceTree = BUILT_PRODUCTS_DIR; };
		9ED06F191E602BB4001DD85A /* AppDelegate.swift */ = {isa = PBXFileReference; lastKnownFileType = sourcecode.swift; path = AppDelegate.swift; sourceTree = "<group>"; };
		9ED06F1E1E602BB4001DD85A /* Base */ = {isa = PBXFileReference; lastKnownFileType = file.storyboard; name = Base; path = Base.lproj/Main.storyboard; sourceTree = "<group>"; };
		9ED06F211E602BB4001DD85A /* Uran_test.xcdatamodel */ = {isa = PBXFileReference; lastKnownFileType = wrapper.xcdatamodel; path = Uran_test.xcdatamodel; sourceTree = "<group>"; };
		9ED06F231E602BB4001DD85A /* Assets.xcassets */ = {isa = PBXFileReference; lastKnownFileType = folder.assetcatalog; path = Assets.xcassets; sourceTree = "<group>"; };
		9ED06F261E602BB4001DD85A /* Base */ = {isa = PBXFileReference; lastKnownFileType = file.storyboard; name = Base; path = Base.lproj/LaunchScreen.storyboard; sourceTree = "<group>"; };
		9ED06F281E602BB4001DD85A /* Info.plist */ = {isa = PBXFileReference; lastKnownFileType = text.plist.xml; path = Info.plist; sourceTree = "<group>"; };
		9ED06F2E1E602C17001DD85A /* FileTableViewController.swift */ = {isa = PBXFileReference; fileEncoding = 4; lastKnownFileType = sourcecode.swift; path = FileTableViewController.swift; sourceTree = "<group>"; };
		9ED06F311E6032F4001DD85A /* first.pdf */ = {isa = PBXFileReference; lastKnownFileType = image.pdf; name = first.pdf; path = ../../first.pdf; sourceTree = "<group>"; };
		9ED06F321E6032F4001DD85A /* Second.pdf */ = {isa = PBXFileReference; lastKnownFileType = image.pdf; name = Second.pdf; path = ../../Second.pdf; sourceTree = "<group>"; };
		9ED06F331E6032F4001DD85A /* third.pdf */ = {isa = PBXFileReference; lastKnownFileType = image.pdf; name = third.pdf; path = ../../third.pdf; sourceTree = "<group>"; };
		9ED06F3E1E603DDC001DD85A /* FileCell.swift */ = {isa = PBXFileReference; fileEncoding = 4; lastKnownFileType = sourcecode.swift; path = FileCell.swift; sourceTree = "<group>"; };
		9ED06F411E604072001DD85A /* iconFile.png */ = {isa = PBXFileReference; lastKnownFileType = image.png; name = iconFile.png; path = ../../iconFile.png; sourceTree = "<group>"; };
		9ED06F421E604072001DD85A /* iconFolder.png */ = {isa = PBXFileReference; lastKnownFileType = image.png; name = iconFolder.png; path = ../../iconFolder.png; sourceTree = "<group>"; };
		9ED06F431E604072001DD85A /* iconImage.png */ = {isa = PBXFileReference; lastKnownFileType = image.png; name = iconImage.png; path = ../../iconImage.png; sourceTree = "<group>"; };
		9ED06F471E6043B0001DD85A /* FileModel.swift */ = {isa = PBXFileReference; fileEncoding = 4; lastKnownFileType = sourcecode.swift; path = FileModel.swift; sourceTree = "<group>"; };
		9ED06F491E605FF2001DD85A /* fileicon.png */ = {isa = PBXFileReference; lastKnownFileType = image.png; name = fileicon.png; path = ../../fileicon.png; sourceTree = "<group>"; };
		9ED06F4A1E605FF2001DD85A /* flyout-menu.png */ = {isa = PBXFileReference; lastKnownFileType = image.png; name = "flyout-menu.png"; path = "../../flyout-menu.png"; sourceTree = "<group>"; };
		9ED06F4B1E605FF2001DD85A /* print.png */ = {isa = PBXFileReference; lastKnownFileType = image.png; name = print.png; path = ../../print.png; sourceTree = "<group>"; };
		9ED06F4F1E6060E7001DD85A /* buy.jpg */ = {isa = PBXFileReference; lastKnownFileType = image.jpeg; name = buy.jpg; path = ../../buy.jpg; sourceTree = "<group>"; };
		9ED06F501E6060E7001DD85A /* calc.jpg */ = {isa = PBXFileReference; lastKnownFileType = image.jpeg; name = calc.jpg; path = ../../calc.jpg; sourceTree = "<group>"; };
		9ED06F511E6060E7001DD85A /* call.jpg */ = {isa = PBXFileReference; lastKnownFileType = image.jpeg; name = call.jpg; path = ../../call.jpg; sourceTree = "<group>"; };
		9ED06F561E606B82001DD85A /* SecondTableViewController.swift */ = {isa = PBXFileReference; fileEncoding = 4; lastKnownFileType = sourcecode.swift; path = SecondTableViewController.swift; sourceTree = "<group>"; };
		9ED06F591E606B9B001DD85A /* SecondCell.swift */ = {isa = PBXFileReference; fileEncoding = 4; lastKnownFileType = sourcecode.swift; path = SecondCell.swift; sourceTree = "<group>"; };
/* End PBXFileReference section */

/* Begin PBXFrameworksBuildPhase section */
		9ED06F131E602BB4001DD85A /* Frameworks */ = {
			isa = PBXFrameworksBuildPhase;
			buildActionMask = 2147483647;
			files = (
			);
			runOnlyForDeploymentPostprocessing = 0;
		};
/* End PBXFrameworksBuildPhase section */

/* Begin PBXGroup section */
		9ED06F0D1E602BB4001DD85A = {
			isa = PBXGroup;
			children = (
				9ED06F181E602BB4001DD85A /* Uran_test */,
				9ED06F171E602BB4001DD85A /* Products */,
			);
			sourceTree = "<group>";
		};
		9ED06F171E602BB4001DD85A /* Products */ = {
			isa = PBXGroup;
			children = (
				9ED06F161E602BB4001DD85A /* Uran_test.app */,
			);
			name = Products;
			sourceTree = "<group>";
		};
		9ED06F181E602BB4001DD85A /* Uran_test */ = {
			isa = PBXGroup;
			children = (
				9ED06F551E606B64001DD85A /* KirilFollder */,
				9ED06F401E60405D001DD85A /* icons */,
				9ED06F231E602BB4001DD85A /* Assets.xcassets */,
				9ED06F3C1E603ABC001DD85A /* infoPlist */,
				9ED06F3B1E603AB1001DD85A /* CoreData model */,
				9ED06F3A1E603AA4001DD85A /* Launch scrren */,
				9ED06F391E603A95001DD85A /* StoryBoard */,
				9ED06F381E603A8B001DD85A /* AppDelegate */,
				9ED06F371E603A7C001DD85A /* FileTableViewController */,
				9ED06F301E6032D8001DD85A /* files */,
				9ED06F471E6043B0001DD85A /* FileModel.swift */,
			);
			path = Uran_test;
			sourceTree = "<group>";
		};
		9ED06F301E6032D8001DD85A /* files */ = {
			isa = PBXGroup;
			children = (
				9ED06F311E6032F4001DD85A /* first.pdf */,
				9ED06F321E6032F4001DD85A /* Second.pdf */,
				9ED06F331E6032F4001DD85A /* third.pdf */,
			);
			name = files;
			sourceTree = "<group>";
		};
		9ED06F371E603A7C001DD85A /* FileTableViewController */ = {
			isa = PBXGroup;
			children = (
				9ED06F3D1E603DB6001DD85A /* FileTableCell */,
				9ED06F2E1E602C17001DD85A /* FileTableViewController.swift */,
			);
			name = FileTableViewController;
			sourceTree = "<group>";
		};
		9ED06F381E603A8B001DD85A /* AppDelegate */ = {
			isa = PBXGroup;
			children = (
				9ED06F191E602BB4001DD85A /* AppDelegate.swift */,
			);
			name = AppDelegate;
			sourceTree = "<group>";
		};
		9ED06F391E603A95001DD85A /* StoryBoard */ = {
			isa = PBXGroup;
			children = (
				9ED06F1D1E602BB4001DD85A /* Main.storyboard */,
			);
			name = StoryBoard;
			sourceTree = "<group>";
		};
		9ED06F3A1E603AA4001DD85A /* Launch scrren */ = {
			isa = PBXGroup;
			children = (
				9ED06F251E602BB4001DD85A /* LaunchScreen.storyboard */,
			);
			name = "Launch scrren";
			sourceTree = "<group>";
		};
		9ED06F3B1E603AB1001DD85A /* CoreData model */ = {
			isa = PBXGroup;
			children = (
				9ED06F201E602BB4001DD85A /* Uran_test.xcdatamodeld */,
			);
			name = "CoreData model";
			sourceTree = "<group>";
		};
		9ED06F3C1E603ABC001DD85A /* infoPlist */ = {
			isa = PBXGroup;
			children = (
				9ED06F281E602BB4001DD85A /* Info.plist */,
			);
			name = infoPlist;
			sourceTree = "<group>";
		};
		9ED06F3D1E603DB6001DD85A /* FileTableCell */ = {
			isa = PBXGroup;
			children = (
				9ED06F3E1E603DDC001DD85A /* FileCell.swift */,
			);
			name = FileTableCell;
			sourceTree = "<group>";
		};
		9ED06F401E60405D001DD85A /* icons */ = {
			isa = PBXGroup;
			children = (
				9ED06F4F1E6060E7001DD85A /* buy.jpg */,
				9ED06F501E6060E7001DD85A /* calc.jpg */,
				9ED06F511E6060E7001DD85A /* call.jpg */,
				9ED06F491E605FF2001DD85A /* fileicon.png */,
				9ED06F4A1E605FF2001DD85A /* flyout-menu.png */,
				9ED06F4B1E605FF2001DD85A /* print.png */,
				9ED06F411E604072001DD85A /* iconFile.png */,
				9ED06F421E604072001DD85A /* iconFolder.png */,
				9ED06F431E604072001DD85A /* iconImage.png */,
			);
			name = icons;
			sourceTree = "<group>";
		};
		9ED06F551E606B64001DD85A /* KirilFollder */ = {
			isa = PBXGroup;
			children = (
				9ED06F581E606B87001DD85A /* ScondCell */,
				9ED06F561E606B82001DD85A /* SecondTableViewController.swift */,
			);
			name = KirilFollder;
			sourceTree = "<group>";
		};
		9ED06F581E606B87001DD85A /* ScondCell */ = {
			isa = PBXGroup;
			children = (
				9ED06F591E606B9B001DD85A /* SecondCell.swift */,
			);
			name = ScondCell;
			sourceTree = "<group>";
		};
/* End PBXGroup section */

/* Begin PBXNativeTarget section */
		9ED06F151E602BB4001DD85A /* Uran_test */ = {
			isa = PBXNativeTarget;
			buildConfigurationList = 9ED06F2B1E602BB4001DD85A /* Build configuration list for PBXNativeTarget "Uran_test" */;
			buildPhases = (
				9ED06F121E602BB4001DD85A /* Sources */,
				9ED06F131E602BB4001DD85A /* Frameworks */,
				9ED06F141E602BB4001DD85A /* Resources */,
			);
			buildRules = (
			);
			dependencies = (
			);
			name = Uran_test;
			productName = Uran_test;
			productReference = 9ED06F161E602BB4001DD85A /* Uran_test.app */;
			productType = "com.apple.product-type.application";
		};
/* End PBXNativeTarget section */

/* Begin PBXProject section */
		9ED06F0E1E602BB4001DD85A /* Project object */ = {
			isa = PBXProject;
			attributes = {
				LastSwiftUpdateCheck = 0820;
				LastUpgradeCheck = 0820;
				ORGANIZATIONNAME = "Kiril Trembovetskiy";
				TargetAttributes = {
					9ED06F151E602BB4001DD85A = {
						CreatedOnToolsVersion = 8.2.1;
						DevelopmentTeam = 33HPK7564T;
						ProvisioningStyle = Automatic;
					};
				};
			};
			buildConfigurationList = 9ED06F111E602BB4001DD85A /* Build configuration list for PBXProject "Uran_test" */;
			compatibilityVersion = "Xcode 3.2";
			developmentRegion = English;
			hasScannedForEncodings = 0;
			knownRegions = (
				en,
				Base,
			);
			mainGroup = 9ED06F0D1E602BB4001DD85A;
			productRefGroup = 9ED06F171E602BB4001DD85A /* Products */;
			projectDirPath = "";
			projectRoot = "";
			targets = (
				9ED06F151E602BB4001DD85A /* Uran_test */,
			);
		};
/* End PBXProject section */

/* Begin PBXResourcesBuildPhase section */
		9ED06F141E602BB4001DD85A /* Resources */ = {
			isa = PBXResourcesBuildPhase;
			buildActionMask = 2147483647;
			files = (
				9ED06F4C1E605FF2001DD85A /* fileicon.png in Resources */,
				9ED06F541E6060E7001DD85A /* call.jpg in Resources */,
				9ED06F271E602BB4001DD85A /* LaunchScreen.storyboard in Resources */,
				9ED06F461E604072001DD85A /* iconImage.png in Resources */,
				9ED06F341E6032F4001DD85A /* first.pdf in Resources */,
				9ED06F361E6032F4001DD85A /* third.pdf in Resources */,
				9ED06F521E6060E7001DD85A /* buy.jpg in Resources */,
				9ED06F4E1E605FF2001DD85A /* print.png in Resources */,
				9ED06F241E602BB4001DD85A /* Assets.xcassets in Resources */,
				9ED06F531E6060E7001DD85A /* calc.jpg in Resources */,
				9ED06F4D1E605FF2001DD85A /* flyout-menu.png in Resources */,
				9ED06F351E6032F4001DD85A /* Second.pdf in Resources */,
				9ED06F441E604072001DD85A /* iconFile.png in Resources */,
				9ED06F451E604072001DD85A /* iconFolder.png in Resources */,
				9ED06F1F1E602BB4001DD85A /* Main.storyboard in Resources */,
			);
			runOnlyForDeploymentPostprocessing = 0;
		};
/* End PBXResourcesBuildPhase section */

/* Begin PBXSourcesBuildPhase section */
		9ED06F121E602BB4001DD85A /* Sources */ = {
			isa = PBXSourcesBuildPhase;
			buildActionMask = 2147483647;
			files = (
				9ED06F2F1E602C17001DD85A /* FileTableViewController.swift in Sources */,
				9ED06F571E606B82001DD85A /* SecondTableViewController.swift in Sources */,
				9ED06F5A1E606B9B001DD85A /* SecondCell.swift in Sources */,
				9ED06F3F1E603DDC001DD85A /* FileCell.swift in Sources */,
				9ED06F481E6043B0001DD85A /* FileModel.swift in Sources */,
				9ED06F221E602BB4001DD85A /* Uran_test.xcdatamodeld in Sources */,
				9ED06F1A1E602BB4001DD85A /* AppDelegate.swift in Sources */,
			);
			runOnlyForDeploymentPostprocessing = 0;
		};
/* End PBXSourcesBuildPhase section */

/* Begin PBXVariantGroup section */
		9ED06F1D1E602BB4001DD85A /* Main.storyboard */ = {
			isa = PBXVariantGroup;
			children = (
				9ED06F1E1E602BB4001DD85A /* Base */,
			);
			name = Main.storyboard;
			sourceTree = "<group>";
		};
		9ED06F251E602BB4001DD85A /* LaunchScreen.storyboard */ = {
			isa = PBXVariantGroup;
			children = (
				9ED06F261E602BB4001DD85A /* Base */,
			);
			name = LaunchScreen.storyboard;
			sourceTree = "<group>";
		};
/* End PBXVariantGroup section */

/* Begin XCBuildConfiguration section */
		9ED06F291E602BB4001DD85A /* Debug */ = {
			isa = XCBuildConfiguration;
			buildSettings = {
				ALWAYS_SEARCH_USER_PATHS = NO;
				CLANG_ANALYZER_NONNULL = YES;
				CLANG_CXX_LANGUAGE_STANDARD = "gnu++0x";
				CLANG_CXX_LIBRARY = "libc++";
				CLANG_ENABLE_MODULES = YES;
				CLANG_ENABLE_OBJC_ARC = YES;
				CLANG_WARN_BOOL_CONVERSION = YES;
				CLANG_WARN_CONSTANT_CONVERSION = YES;
				CLANG_WARN_DIRECT_OBJC_ISA_USAGE = YES_ERROR;
				CLANG_WARN_DOCUMENTATION_COMMENTS = YES;
				CLANG_WARN_EMPTY_BODY = YES;
				CLANG_WARN_ENUM_CONVERSION = YES;
				CLANG_WARN_INFINITE_RECURSION = YES;
				CLANG_WARN_INT_CONVERSION = YES;
				CLANG_WARN_OBJC_ROOT_CLASS = YES_ERROR;
				CLANG_WARN_SUSPICIOUS_MOVE = YES;
				CLANG_WARN_UNREACHABLE_CODE = YES;
				CLANG_WARN__DUPLICATE_METHOD_MATCH = YES;
				"CODE_SIGN_IDENTITY[sdk=iphoneos*]" = "iPhone Developer";
				COPY_PHASE_STRIP = NO;
				DEBUG_INFORMATION_FORMAT = dwarf;
				ENABLE_STRICT_OBJC_MSGSEND = YES;
				ENABLE_TESTABILITY = YES;
				GCC_C_LANGUAGE_STANDARD = gnu99;
				GCC_DYNAMIC_NO_PIC = NO;
				GCC_NO_COMMON_BLOCKS = YES;
				GCC_OPTIMIZATION_LEVEL = 0;
				GCC_PREPROCESSOR_DEFINITIONS = (
					"DEBUG=1",
					"$(inherited)",
				);
				GCC_WARN_64_TO_32_BIT_CONVERSION = YES;
				GCC_WARN_ABOUT_RETURN_TYPE = YES_ERROR;
				GCC_WARN_UNDECLARED_SELECTOR = YES;
				GCC_WARN_UNINITIALIZED_AUTOS = YES_AGGRESSIVE;
				GCC_WARN_UNUSED_FUNCTION = YES;
				GCC_WARN_UNUSED_VARIABLE = YES;
				IPHONEOS_DEPLOYMENT_TARGET = 10.2;
				MTL_ENABLE_DEBUG_INFO = YES;
				ONLY_ACTIVE_ARCH = YES;
				SDKROOT = iphoneos;
				SWIFT_ACTIVE_COMPILATION_CONDITIONS = DEBUG;
				SWIFT_OPTIMIZATION_LEVEL = "-Onone";
			};
			name = Debug;
		};
		9ED06F2A1E602BB4001DD85A /* Release */ = {
			isa = XCBuildConfiguration;
			buildSettings = {
				ALWAYS_SEARCH_USER_PATHS = NO;
				CLANG_ANALYZER_NONNULL = YES;
				CLANG_CXX_LANGUAGE_STANDARD = "gnu++0x";
				CLANG_CXX_LIBRARY = "libc++";
				CLANG_ENABLE_MODULES = YES;
				CLANG_ENABLE_OBJC_ARC = YES;
				CLANG_WARN_BOOL_CONVERSION = YES;
				CLANG_WARN_CONSTANT_CONVERSION = YES;
				CLANG_WARN_DIRECT_OBJC_ISA_USAGE = YES_ERROR;
				CLANG_WARN_DOCUMENTATION_COMMENTS = YES;
				CLANG_WARN_EMPTY_BODY = YES;
				CLANG_WARN_ENUM_CONVERSION = YES;
				CLANG_WARN_INFINITE_RECURSION = YES;
				CLANG_WARN_INT_CONVERSION = YES;
				CLANG_WARN_OBJC_ROOT_CLASS = YES_ERROR;
				CLANG_WARN_SUSPICIOUS_MOVE = YES;
				CLANG_WARN_UNREACHABLE_CODE = YES;
				CLANG_WARN__DUPLICATE_METHOD_MATCH = YES;
				"CODE_SIGN_IDENTITY[sdk=iphoneos*]" = "iPhone Developer";
				COPY_PHASE_STRIP = NO;
				DEBUG_INFORMATION_FORMAT = "dwarf-with-dsym";
				ENABLE_NS_ASSERTIONS = NO;
				ENABLE_STRICT_OBJC_MSGSEND = YES;
				GCC_C_LANGUAGE_STANDARD = gnu99;
				GCC_NO_COMMON_BLOCKS = YES;
				GCC_WARN_64_TO_32_BIT_CONVERSION = YES;
				GCC_WARN_ABOUT_RETURN_TYPE = YES_ERROR;
				GCC_WARN_UNDECLARED_SELECTOR = YES;
				GCC_WARN_UNINITIALIZED_AUTOS = YES_AGGRESSIVE;
				GCC_WARN_UNUSED_FUNCTION = YES;
				GCC_WARN_UNUSED_VARIABLE = YES;
				IPHONEOS_DEPLOYMENT_TARGET = 10.2;
				MTL_ENABLE_DEBUG_INFO = NO;
				SDKROOT = iphoneos;
				SWIFT_OPTIMIZATION_LEVEL = "-Owholemodule";
				VALIDATE_PRODUCT = YES;
			};
			name = Release;
		};
		9ED06F2C1E602BB4001DD85A /* Debug */ = {
			isa = XCBuildConfiguration;
			buildSettings = {
				ASSETCATALOG_COMPILER_APPICON_NAME = AppIcon;
				DEVELOPMENT_TEAM = 33HPK7564T;
				INFOPLIST_FILE = Uran_test/Info.plist;
				LD_RUNPATH_SEARCH_PATHS = "$(inherited) @executable_path/Frameworks";
				PRODUCT_BUNDLE_IDENTIFIER = "Trembovetskiy-Kiril.Uran-test";
				PRODUCT_NAME = "$(TARGET_NAME)";
				SWIFT_VERSION = 3.0;
			};
			name = Debug;
		};
		9ED06F2D1E602BB4001DD85A /* Release */ = {
			isa = XCBuildConfiguration;
			buildSettings = {
				ASSETCATALOG_COMPILER_APPICON_NAME = AppIcon;
				DEVELOPMENT_TEAM = 33HPK7564T;
				INFOPLIST_FILE = Uran_test/Info.plist;
				LD_RUNPATH_SEARCH_PATHS = "$(inherited) @executable_path/Frameworks";
				PRODUCT_BUNDLE_IDENTIFIER = "Trembovetskiy-Kiril.Uran-test";
				PRODUCT_NAME = "$(TARGET_NAME)";
				SWIFT_VERSION = 3.0;
			};
			name = Release;
		};
/* End XCBuildConfiguration section */

/* Begin XCConfigurationList section */
		9ED06F111E602BB4001DD85A /* Build configuration list for PBXProject "Uran_test" */ = {
			isa = XCConfigurationList;
			buildConfigurations = (
				9ED06F291E602BB4001DD85A /* Debug */,
				9ED06F2A1E602BB4001DD85A /* Release */,
			);
			defaultConfigurationIsVisible = 0;
			defaultConfigurationName = Release;
		};
		9ED06F2B1E602BB4001DD85A /* Build configuration list for PBXNativeTarget "Uran_test" */ = {
			isa = XCConfigurationList;
			buildConfigurations = (
				9ED06F2C1E602BB4001DD85A /* Debug */,
				9ED06F2D1E602BB4001DD85A /* Release */,
			);
			defaultConfigurationIsVisible = 0;
			defaultConfigurationName = Release;
		};
/* End XCConfigurationList section */

/* Begin XCVersionGroup section */
		9ED06F201E602BB4001DD85A /* Uran_test.xcdatamodeld */ = {
			isa = XCVersionGroup;
			children = (
				9ED06F211E602BB4001DD85A /* Uran_test.xcdatamodel */,
			);
			currentVersion = 9ED06F211E602BB4001DD85A /* Uran_test.xcdatamodel */;
			path = Uran_test.xcdatamodeld;
			sourceTree = "<group>";
			versionGroupType = wrapper.xcdatamodel;
		};
/* End XCVersionGroup section */
	};
	rootObject = 9ED06F0E1E602BB4001DD85A /* Project object */;
}
